
Microsoft Visual Studio Solution File, Format Version 12.00
# Visual Studio Version 17
VisualStudioVersion = 17.1.32228.430
MinimumVisualStudioVersion = 10.0.40219.1
Project("{9A19103F-16F7-4668-BE54-9A1E7A4F7556}") = "SDS", "SDS.csproj", "{180CAA2B-BE35-4140-BE6A-209F40FB9872}"
EndProject
Global
	GlobalSection(SolutionConfigurationPlatforms) = preSolution
		Debug|Any CPU = Debug|Any CPU
		Release|Any CPU = Release|Any CPU
	EndGlobalSection
	GlobalSection(ProjectConfigurationPlatforms) = postSolution
		{180CAA2B-BE35-4140-BE6A-209F40FB9872}.Debug|Any CPU.ActiveCfg = Debug|Any CPU
		{180CAA2B-BE35-4140-BE6A-209F40FB9872}.Debug|Any CPU.Build.0 = Debug|Any CPU
		{180CAA2B-BE35-4140-BE6A-209F40FB9872}.Release|Any CPU.ActiveCfg = Release|Any CPU
		{180CAA2B-BE35-4140-BE6A-209F40FB9872}.Release|Any CPU.Build.0 = Release|Any CPU
	EndGlobalSection
	GlobalSection(SolutionProperties) = preSolution
		HideSolutionNode = FALSE
	EndGlobalSection
	GlobalSection(ExtensibilityGlobals) = postSolution
		SolutionGuid = {FE636DC7-F203-44F2-9FA3-7D86BD5D07A4}
	EndGlobalSection
EndGlobal
